
Microsoft Visual Studio Solution File, Format Version 12.00
# Visual Studio Version 16
VisualStudioVersion = 16.0.30114.105
MinimumVisualStudioVersion = 10.0.40219.1
Project("{2150E333-8FDC-42A3-9474-1A3956D46DE8}") = "16", "16", "{69E02AC9-7382-4F8B-9CA6-405E4E916A88}"
EndProject
Project("{2150E333-8FDC-42A3-9474-1A3956D46DE8}") = "dotnet6", "dotnet6", "{36C65795-5A52-4638-B67E-BF32E1E6D1A9}"
EndProject
Project("{FAE04EC0-301F-11D3-BF4B-00C04F79EFBC}") = "calculator", "16\dotnet6\code\calculator.csproj", "{37C3EFD0-10E9-471E-9BB5-28C17EE4CE9A}"
EndProject
Project("{FAE04EC0-301F-11D3-BF4B-00C04F79EFBC}") = "tests", "16\dotnet6\tests\tests.csproj", "{DC087116-B434-44E7-ADED-B9E5ACE5237C}"
EndProject
Project("{2150E333-8FDC-42A3-9474-1A3956D46DE8}") = "01", "01", "{9E3933D7-DAF9-4C4F-BDEA-F0CD80CB123C}"
EndProject
Project("{FAE04EC0-301F-11D3-BF4B-00C04F79EFBC}") = "sonar", "01\dotnet6\sonar.csproj", "{01FE45CC-CC5D-420D-8CED-4EE9F69D7EF0}"
EndProject
Project("{2150E333-8FDC-42A3-9474-1A3956D46DE8}") = "02", "02", "{63AA9307-5434-49B1-B767-E7A3789BBDA5}"
EndProject
Project("{FAE04EC0-301F-11D3-BF4B-00C04F79EFBC}") = "magnitude", "02\dotnet6\magnitude.csproj", "{821F3DF6-756F-4603-ADCF-E5E22886475B}"
EndProject
Project("{2150E333-8FDC-42A3-9474-1A3956D46DE8}") = "03", "03", "{CF1A7BAF-18D4-4329-8269-A0591A261C63}"
EndProject
Project("{FAE04EC0-301F-11D3-BF4B-00C04F79EFBC}") = "binary", "03\dotnet6\binary.csproj", "{D92C92DA-43D0-4072-A7B8-EAEDCD3BD95B}"
EndProject
Project("{2150E333-8FDC-42A3-9474-1A3956D46DE8}") = "04", "04", "{E3FD71A7-50C7-4401-98C9-979794183BA5}"
EndProject
Project("{FAE04EC0-301F-11D3-BF4B-00C04F79EFBC}") = "bingo", "04\dotnet6\bingo.csproj", "{AA2235A9-C284-4B37-BC85-7C27DA573E04}"
EndProject
Project("{2150E333-8FDC-42A3-9474-1A3956D46DE8}") = "05", "05", "{4F2280DA-8CE0-4439-B6C3-990415CD5EDF}"
EndProject
Project("{FAE04EC0-301F-11D3-BF4B-00C04F79EFBC}") = "vents", "05\dotnet6\vents.csproj", "{1382D6A5-A016-4209-919B-917D07FAEBAE}"
EndProject
Project("{2150E333-8FDC-42A3-9474-1A3956D46DE8}") = "06", "06", "{A2235E3C-CDBF-42F2-8C6B-07E6958BF3B5}"
EndProject
Project("{FAE04EC0-301F-11D3-BF4B-00C04F79EFBC}") = "fish", "06\dotnet6\fish.csproj", "{839881A9-A092-4873-B0FB-E0546064399F}"
EndProject
Project("{2150E333-8FDC-42A3-9474-1A3956D46DE8}") = "07", "07", "{1C3A4478-965D-45E2-B9AA-FCFAAA4C2E09}"
EndProject
Project("{FAE04EC0-301F-11D3-BF4B-00C04F79EFBC}") = "depths", "07\dotnet6\depths.csproj", "{661D599A-A82E-4DF2-A9AD-98848EE566AF}"
EndProject
Project("{2150E333-8FDC-42A3-9474-1A3956D46DE8}") = "08", "08", "{AA85B3F7-70B5-4367-8866-D8A4CF7A3290}"
EndProject
Project("{FAE04EC0-301F-11D3-BF4B-00C04F79EFBC}") = "digits", "08\dotnet6\digits.csproj", "{5FD5D24C-6FE1-46B7-9A66-6B1548CFF012}"
EndProject
Project("{2150E333-8FDC-42A3-9474-1A3956D46DE8}") = "09", "09", "{B376CCEF-E8F1-4648-8EAC-7D8118A0AAC0}"
EndProject
Project("{FAE04EC0-301F-11D3-BF4B-00C04F79EFBC}") = "basins", "09\dotnet6\basins.csproj", "{DFAA0636-EF35-49C3-BBE5-C7079215B6D9}"
EndProject
Project("{2150E333-8FDC-42A3-9474-1A3956D46DE8}") = "10", "10", "{1A949273-E6F7-47CA-A9BD-720F2150B605}"
EndProject
Project("{FAE04EC0-301F-11D3-BF4B-00C04F79EFBC}") = "brackets", "10\dotnet6\brackets.csproj", "{36B733EE-9402-4406-BEE0-28F0019EEFA2}"
EndProject
Project("{2150E333-8FDC-42A3-9474-1A3956D46DE8}") = "11", "11", "{A42D7E38-D804-412D-899A-6FC69F095315}"
EndProject
Project("{FAE04EC0-301F-11D3-BF4B-00C04F79EFBC}") = "flashes", "11\dotnet6\flashes.csproj", "{B4E9CBBC-8B44-4039-B454-15D5F282AB47}"
EndProject
Project("{2150E333-8FDC-42A3-9474-1A3956D46DE8}") = "12", "12", "{64B06426-D9E7-439D-A5E9-7F6E2E5A1174}"
EndProject
Project("{FAE04EC0-301F-11D3-BF4B-00C04F79EFBC}") = "caves", "12\dotnet6\caves.csproj", "{B119B331-B3FA-4573-B82F-D97542604E3B}"
EndProject
Project("{2150E333-8FDC-42A3-9474-1A3956D46DE8}") = "13", "13", "{E59A748F-39B0-4D80-A198-A0665F287D63}"
EndProject
Project("{FAE04EC0-301F-11D3-BF4B-00C04F79EFBC}") = "folds", "13\dotnet6\folds.csproj", "{4BA1702E-0091-495F-894B-6AD6A08ABCF0}"
EndProject
Project("{2150E333-8FDC-42A3-9474-1A3956D46DE8}") = "14", "14", "{BF19A879-7867-45CC-8D2D-4FF2161E54FE}"
EndProject
Project("{FAE04EC0-301F-11D3-BF4B-00C04F79EFBC}") = "polymer", "14\dotnet6\polymer.csproj", "{A7B99CB2-EB7B-4496-8E3A-8ABBAB7B1ED5}"
EndProject
Project("{2150E333-8FDC-42A3-9474-1A3956D46DE8}") = "17", "17", "{27C956A7-D564-44DF-ADC4-83FB825C20C2}"
EndProject
Project("{FAE04EC0-301F-11D3-BF4B-00C04F79EFBC}") = "probe", "17\dotnet6\probe.csproj", "{8C5B1D94-C121-4BFA-AA96-3C71042B46D8}"
EndProject
Project("{2150E333-8FDC-42A3-9474-1A3956D46DE8}") = "25", "25", "{0AFAFB73-3931-410A-9C8F-89BD53AF2986}"
EndProject
Project("{FAE04EC0-301F-11D3-BF4B-00C04F79EFBC}") = "cucumbers", "25\dotnet6\cucumbers.csproj", "{9F35DF7D-CF17-4563-A07B-2F0D4EEFD495}"
EndProject
Project("{2150E333-8FDC-42A3-9474-1A3956D46DE8}") = "20", "20", "{4679CF97-40FE-4B37-ACB9-22D0CD61A691}"
EndProject
Project("{FAE04EC0-301F-11D3-BF4B-00C04F79EFBC}") = "enhance", "20\dotnet6\enhance.csproj", "{1FE7A923-4C78-4A41-A8E2-C88F8D3B39FC}"
EndProject
Global
	GlobalSection(SolutionConfigurationPlatforms) = preSolution
		Debug|Any CPU = Debug|Any CPU
		Release|Any CPU = Release|Any CPU
	EndGlobalSection
	GlobalSection(SolutionProperties) = preSolution
		HideSolutionNode = FALSE
	EndGlobalSection
	GlobalSection(ProjectConfigurationPlatforms) = postSolution
		{37C3EFD0-10E9-471E-9BB5-28C17EE4CE9A}.Debug|Any CPU.ActiveCfg = Debug|Any CPU
		{37C3EFD0-10E9-471E-9BB5-28C17EE4CE9A}.Debug|Any CPU.Build.0 = Debug|Any CPU
		{37C3EFD0-10E9-471E-9BB5-28C17EE4CE9A}.Release|Any CPU.ActiveCfg = Release|Any CPU
		{37C3EFD0-10E9-471E-9BB5-28C17EE4CE9A}.Release|Any CPU.Build.0 = Release|Any CPU
		{DC087116-B434-44E7-ADED-B9E5ACE5237C}.Debug|Any CPU.ActiveCfg = Debug|Any CPU
		{DC087116-B434-44E7-ADED-B9E5ACE5237C}.Debug|Any CPU.Build.0 = Debug|Any CPU
		{DC087116-B434-44E7-ADED-B9E5ACE5237C}.Release|Any CPU.ActiveCfg = Release|Any CPU
		{DC087116-B434-44E7-ADED-B9E5ACE5237C}.Release|Any CPU.Build.0 = Release|Any CPU
		{01FE45CC-CC5D-420D-8CED-4EE9F69D7EF0}.Debug|Any CPU.ActiveCfg = Debug|Any CPU
		{01FE45CC-CC5D-420D-8CED-4EE9F69D7EF0}.Debug|Any CPU.Build.0 = Debug|Any CPU
		{01FE45CC-CC5D-420D-8CED-4EE9F69D7EF0}.Release|Any CPU.ActiveCfg = Release|Any CPU
		{01FE45CC-CC5D-420D-8CED-4EE9F69D7EF0}.Release|Any CPU.Build.0 = Release|Any CPU
		{821F3DF6-756F-4603-ADCF-E5E22886475B}.Debug|Any CPU.ActiveCfg = Debug|Any CPU
		{821F3DF6-756F-4603-ADCF-E5E22886475B}.Debug|Any CPU.Build.0 = Debug|Any CPU
		{821F3DF6-756F-4603-ADCF-E5E22886475B}.Release|Any CPU.ActiveCfg = Release|Any CPU
		{821F3DF6-756F-4603-ADCF-E5E22886475B}.Release|Any CPU.Build.0 = Release|Any CPU
		{D92C92DA-43D0-4072-A7B8-EAEDCD3BD95B}.Debug|Any CPU.ActiveCfg = Debug|Any CPU
		{D92C92DA-43D0-4072-A7B8-EAEDCD3BD95B}.Debug|Any CPU.Build.0 = Debug|Any CPU
		{D92C92DA-43D0-4072-A7B8-EAEDCD3BD95B}.Release|Any CPU.ActiveCfg = Release|Any CPU
		{D92C92DA-43D0-4072-A7B8-EAEDCD3BD95B}.Release|Any CPU.Build.0 = Release|Any CPU
		{AA2235A9-C284-4B37-BC85-7C27DA573E04}.Debug|Any CPU.ActiveCfg = Debug|Any CPU
		{AA2235A9-C284-4B37-BC85-7C27DA573E04}.Debug|Any CPU.Build.0 = Debug|Any CPU
		{AA2235A9-C284-4B37-BC85-7C27DA573E04}.Release|Any CPU.ActiveCfg = Release|Any CPU
		{AA2235A9-C284-4B37-BC85-7C27DA573E04}.Release|Any CPU.Build.0 = Release|Any CPU
		{1382D6A5-A016-4209-919B-917D07FAEBAE}.Debug|Any CPU.ActiveCfg = Debug|Any CPU
		{1382D6A5-A016-4209-919B-917D07FAEBAE}.Debug|Any CPU.Build.0 = Debug|Any CPU
		{1382D6A5-A016-4209-919B-917D07FAEBAE}.Release|Any CPU.ActiveCfg = Release|Any CPU
		{1382D6A5-A016-4209-919B-917D07FAEBAE}.Release|Any CPU.Build.0 = Release|Any CPU
		{839881A9-A092-4873-B0FB-E0546064399F}.Debug|Any CPU.ActiveCfg = Debug|Any CPU
		{839881A9-A092-4873-B0FB-E0546064399F}.Debug|Any CPU.Build.0 = Debug|Any CPU
		{839881A9-A092-4873-B0FB-E0546064399F}.Release|Any CPU.ActiveCfg = Release|Any CPU
		{839881A9-A092-4873-B0FB-E0546064399F}.Release|Any CPU.Build.0 = Release|Any CPU
		{661D599A-A82E-4DF2-A9AD-98848EE566AF}.Debug|Any CPU.ActiveCfg = Debug|Any CPU
		{661D599A-A82E-4DF2-A9AD-98848EE566AF}.Debug|Any CPU.Build.0 = Debug|Any CPU
		{661D599A-A82E-4DF2-A9AD-98848EE566AF}.Release|Any CPU.ActiveCfg = Release|Any CPU
		{661D599A-A82E-4DF2-A9AD-98848EE566AF}.Release|Any CPU.Build.0 = Release|Any CPU
		{5FD5D24C-6FE1-46B7-9A66-6B1548CFF012}.Debug|Any CPU.ActiveCfg = Debug|Any CPU
		{5FD5D24C-6FE1-46B7-9A66-6B1548CFF012}.Debug|Any CPU.Build.0 = Debug|Any CPU
		{5FD5D24C-6FE1-46B7-9A66-6B1548CFF012}.Release|Any CPU.ActiveCfg = Release|Any CPU
		{5FD5D24C-6FE1-46B7-9A66-6B1548CFF012}.Release|Any CPU.Build.0 = Release|Any CPU
		{DFAA0636-EF35-49C3-BBE5-C7079215B6D9}.Debug|Any CPU.ActiveCfg = Debug|Any CPU
		{DFAA0636-EF35-49C3-BBE5-C7079215B6D9}.Debug|Any CPU.Build.0 = Debug|Any CPU
		{DFAA0636-EF35-49C3-BBE5-C7079215B6D9}.Release|Any CPU.ActiveCfg = Release|Any CPU
		{DFAA0636-EF35-49C3-BBE5-C7079215B6D9}.Release|Any CPU.Build.0 = Release|Any CPU
		{36B733EE-9402-4406-BEE0-28F0019EEFA2}.Debug|Any CPU.ActiveCfg = Debug|Any CPU
		{36B733EE-9402-4406-BEE0-28F0019EEFA2}.Debug|Any CPU.Build.0 = Debug|Any CPU
		{36B733EE-9402-4406-BEE0-28F0019EEFA2}.Release|Any CPU.ActiveCfg = Release|Any CPU
		{36B733EE-9402-4406-BEE0-28F0019EEFA2}.Release|Any CPU.Build.0 = Release|Any CPU
		{B4E9CBBC-8B44-4039-B454-15D5F282AB47}.Debug|Any CPU.ActiveCfg = Debug|Any CPU
		{B4E9CBBC-8B44-4039-B454-15D5F282AB47}.Debug|Any CPU.Build.0 = Debug|Any CPU
		{B4E9CBBC-8B44-4039-B454-15D5F282AB47}.Release|Any CPU.ActiveCfg = Release|Any CPU
		{B4E9CBBC-8B44-4039-B454-15D5F282AB47}.Release|Any CPU.Build.0 = Release|Any CPU
		{B119B331-B3FA-4573-B82F-D97542604E3B}.Debug|Any CPU.ActiveCfg = Debug|Any CPU
		{B119B331-B3FA-4573-B82F-D97542604E3B}.Debug|Any CPU.Build.0 = Debug|Any CPU
		{B119B331-B3FA-4573-B82F-D97542604E3B}.Release|Any CPU.ActiveCfg = Release|Any CPU
		{B119B331-B3FA-4573-B82F-D97542604E3B}.Release|Any CPU.Build.0 = Release|Any CPU
		{4BA1702E-0091-495F-894B-6AD6A08ABCF0}.Debug|Any CPU.ActiveCfg = Debug|Any CPU
		{4BA1702E-0091-495F-894B-6AD6A08ABCF0}.Debug|Any CPU.Build.0 = Debug|Any CPU
		{4BA1702E-0091-495F-894B-6AD6A08ABCF0}.Release|Any CPU.ActiveCfg = Release|Any CPU
		{4BA1702E-0091-495F-894B-6AD6A08ABCF0}.Release|Any CPU.Build.0 = Release|Any CPU
		{A7B99CB2-EB7B-4496-8E3A-8ABBAB7B1ED5}.Debug|Any CPU.ActiveCfg = Debug|Any CPU
		{A7B99CB2-EB7B-4496-8E3A-8ABBAB7B1ED5}.Debug|Any CPU.Build.0 = Debug|Any CPU
		{A7B99CB2-EB7B-4496-8E3A-8ABBAB7B1ED5}.Release|Any CPU.ActiveCfg = Release|Any CPU
		{A7B99CB2-EB7B-4496-8E3A-8ABBAB7B1ED5}.Release|Any CPU.Build.0 = Release|Any CPU
		{8C5B1D94-C121-4BFA-AA96-3C71042B46D8}.Debug|Any CPU.ActiveCfg = Debug|Any CPU
		{8C5B1D94-C121-4BFA-AA96-3C71042B46D8}.Debug|Any CPU.Build.0 = Debug|Any CPU
		{8C5B1D94-C121-4BFA-AA96-3C71042B46D8}.Release|Any CPU.ActiveCfg = Release|Any CPU
		{8C5B1D94-C121-4BFA-AA96-3C71042B46D8}.Release|Any CPU.Build.0 = Release|Any CPU
		{9F35DF7D-CF17-4563-A07B-2F0D4EEFD495}.Debug|Any CPU.ActiveCfg = Debug|Any CPU
		{9F35DF7D-CF17-4563-A07B-2F0D4EEFD495}.Debug|Any CPU.Build.0 = Debug|Any CPU
		{9F35DF7D-CF17-4563-A07B-2F0D4EEFD495}.Release|Any CPU.ActiveCfg = Release|Any CPU
		{9F35DF7D-CF17-4563-A07B-2F0D4EEFD495}.Release|Any CPU.Build.0 = Release|Any CPU
		{1FE7A923-4C78-4A41-A8E2-C88F8D3B39FC}.Debug|Any CPU.ActiveCfg = Debug|Any CPU
		{1FE7A923-4C78-4A41-A8E2-C88F8D3B39FC}.Debug|Any CPU.Build.0 = Debug|Any CPU
		{1FE7A923-4C78-4A41-A8E2-C88F8D3B39FC}.Release|Any CPU.ActiveCfg = Release|Any CPU
		{1FE7A923-4C78-4A41-A8E2-C88F8D3B39FC}.Release|Any CPU.Build.0 = Release|Any CPU
	EndGlobalSection
	GlobalSection(NestedProjects) = preSolution
		{36C65795-5A52-4638-B67E-BF32E1E6D1A9} = {69E02AC9-7382-4F8B-9CA6-405E4E916A88}
		{37C3EFD0-10E9-471E-9BB5-28C17EE4CE9A} = {36C65795-5A52-4638-B67E-BF32E1E6D1A9}
		{DC087116-B434-44E7-ADED-B9E5ACE5237C} = {36C65795-5A52-4638-B67E-BF32E1E6D1A9}
		{01FE45CC-CC5D-420D-8CED-4EE9F69D7EF0} = {9E3933D7-DAF9-4C4F-BDEA-F0CD80CB123C}
		{821F3DF6-756F-4603-ADCF-E5E22886475B} = {63AA9307-5434-49B1-B767-E7A3789BBDA5}
		{D92C92DA-43D0-4072-A7B8-EAEDCD3BD95B} = {CF1A7BAF-18D4-4329-8269-A0591A261C63}
		{AA2235A9-C284-4B37-BC85-7C27DA573E04} = {E3FD71A7-50C7-4401-98C9-979794183BA5}
		{1382D6A5-A016-4209-919B-917D07FAEBAE} = {4F2280DA-8CE0-4439-B6C3-990415CD5EDF}
		{839881A9-A092-4873-B0FB-E0546064399F} = {A2235E3C-CDBF-42F2-8C6B-07E6958BF3B5}
		{661D599A-A82E-4DF2-A9AD-98848EE566AF} = {1C3A4478-965D-45E2-B9AA-FCFAAA4C2E09}
		{5FD5D24C-6FE1-46B7-9A66-6B1548CFF012} = {AA85B3F7-70B5-4367-8866-D8A4CF7A3290}
		{DFAA0636-EF35-49C3-BBE5-C7079215B6D9} = {B376CCEF-E8F1-4648-8EAC-7D8118A0AAC0}
		{36B733EE-9402-4406-BEE0-28F0019EEFA2} = {1A949273-E6F7-47CA-A9BD-720F2150B605}
		{B4E9CBBC-8B44-4039-B454-15D5F282AB47} = {A42D7E38-D804-412D-899A-6FC69F095315}
		{B119B331-B3FA-4573-B82F-D97542604E3B} = {64B06426-D9E7-439D-A5E9-7F6E2E5A1174}
		{4BA1702E-0091-495F-894B-6AD6A08ABCF0} = {E59A748F-39B0-4D80-A198-A0665F287D63}
		{A7B99CB2-EB7B-4496-8E3A-8ABBAB7B1ED5} = {BF19A879-7867-45CC-8D2D-4FF2161E54FE}
		{8C5B1D94-C121-4BFA-AA96-3C71042B46D8} = {27C956A7-D564-44DF-ADC4-83FB825C20C2}
		{9F35DF7D-CF17-4563-A07B-2F0D4EEFD495} = {0AFAFB73-3931-410A-9C8F-89BD53AF2986}
		{1FE7A923-4C78-4A41-A8E2-C88F8D3B39FC} = {4679CF97-40FE-4B37-ACB9-22D0CD61A691}
	EndGlobalSection
EndGlobal
