
Microsoft Visual Studio Solution File, Format Version 12.00
# Visual Studio Version 16
VisualStudioVersion = 16.0.30114.105
MinimumVisualStudioVersion = 10.0.40219.1
Project("{2150E333-8FDC-42A3-9474-1A3956D46DE8}") = "16", "16", "{EE737D19-EB38-4C61-AE2A-D7A4B02F088C}"
EndProject
Project("{2150E333-8FDC-42A3-9474-1A3956D46DE8}") = "dotnet6", "dotnet6", "{BE988198-51B6-4431-A4AC-3E695579C6EE}"
EndProject
Project("{FAE04EC0-301F-11D3-BF4B-00C04F79EFBC}") = "testing", "16/dotnet6/testing/tests.csproj", "{07D2980E-CC3E-40FE-BFD4-5C12A14345A8}"
EndProject
Project("{FAE04EC0-301F-11D3-BF4B-00C04F79EFBC}") = "calculator", "16/dotnet6/code/calculator.csproj", "{58899195-7D3F-4A8F-B382-CD74A1087950}"
EndProject
Global
	GlobalSection(SolutionConfigurationPlatforms) = preSolution
		Debug|Any CPU = Debug|Any CPU
		Release|Any CPU = Release|Any CPU
	EndGlobalSection
	GlobalSection(SolutionProperties) = preSolution
		HideSolutionNode = FALSE
	EndGlobalSection
	GlobalSection(ProjectConfigurationPlatforms) = postSolution
		{07D2980E-CC3E-40FE-BFD4-5C12A14345A8}.Debug|Any CPU.ActiveCfg = Debug|Any CPU
		{07D2980E-CC3E-40FE-BFD4-5C12A14345A8}.Debug|Any CPU.Build.0 = Debug|Any CPU
		{07D2980E-CC3E-40FE-BFD4-5C12A14345A8}.Release|Any CPU.ActiveCfg = Release|Any CPU
		{07D2980E-CC3E-40FE-BFD4-5C12A14345A8}.Release|Any CPU.Build.0 = Release|Any CPU
		{58899195-7D3F-4A8F-B382-CD74A1087950}.Debug|Any CPU.ActiveCfg = Debug|Any CPU
		{58899195-7D3F-4A8F-B382-CD74A1087950}.Debug|Any CPU.Build.0 = Debug|Any CPU
		{58899195-7D3F-4A8F-B382-CD74A1087950}.Release|Any CPU.ActiveCfg = Release|Any CPU
		{58899195-7D3F-4A8F-B382-CD74A1087950}.Release|Any CPU.Build.0 = Release|Any CPU
	EndGlobalSection
	GlobalSection(NestedProjects) = preSolution
		{BE988198-51B6-4431-A4AC-3E695579C6EE} = {EE737D19-EB38-4C61-AE2A-D7A4B02F088C}
		{07D2980E-CC3E-40FE-BFD4-5C12A14345A8} = {BE988198-51B6-4431-A4AC-3E695579C6EE}
		{58899195-7D3F-4A8F-B382-CD74A1087950} = {BE988198-51B6-4431-A4AC-3E695579C6EE}
	EndGlobalSection
EndGlobal
